
Microsoft Visual Studio Solution File, Format Version 12.00
# Visual Studio 15
VisualStudioVersion = 15.0.27703.2042
MinimumVisualStudioVersion = 10.0.40219.1
Project("{FAE04EC0-301F-11D3-BF4B-00C04F79EFBC}") = "DXSample16", "DXSample16\DXSample16.csproj", "{FFCCC2E9-D5A6-4375-A597-24F844072274}"
EndProject
Global
	GlobalSection(SolutionConfigurationPlatforms) = preSolution
		Debug|Any CPU = Debug|Any CPU
		Release|Any CPU = Release|Any CPU
	EndGlobalSection
	GlobalSection(ProjectConfigurationPlatforms) = postSolution
		{FFCCC2E9-D5A6-4375-A597-24F844072274}.Debug|Any CPU.ActiveCfg = Debug|Any CPU
		{FFCCC2E9-D5A6-4375-A597-24F844072274}.Debug|Any CPU.Build.0 = Debug|Any CPU
		{FFCCC2E9-D5A6-4375-A597-24F844072274}.Release|Any CPU.ActiveCfg = Release|Any CPU
		{FFCCC2E9-D5A6-4375-A597-24F844072274}.Release|Any CPU.Build.0 = Release|Any CPU
	EndGlobalSection
	GlobalSection(SolutionProperties) = preSolution
		HideSolutionNode = FALSE
	EndGlobalSection
	GlobalSection(ExtensibilityGlobals) = postSolution
		SolutionGuid = {7E8D8A64-95DE-40B0-8E86-F8CC1DAD6C76}
	EndGlobalSection
EndGlobal
